{
  "name": "china-divisions",
  "version": "1.0.0",
  "lockfileVersion": 1,
  "requires": true,
  "dependencies": {
    "china-division": {
      "version": "2.3.1",
      "resolved": "https://registry.npm.taobao.org/china-division/download/china-division-2.3.1.tgz",
      "integrity": "sha1-pJ+oBq8B0YUnR0Zq08ML8L6YhRE="
    }
  }
}
